
Microsoft Visual Studio Solution File, Format Version 12.00
# Visual Studio Version 17
VisualStudioVersion = 17.11.35327.3
MinimumVisualStudioVersion = 10.0.40219.1
Project("{FAE04EC0-301F-11D3-BF4B-00C04F79EFBC}") = "S3Fileupload.API", "S3Fileupload.API\S3Fileupload.API.csproj", "{332DA87F-17B8-49DE-8800-CCB724FAD032}"
EndProject
Global
	GlobalSection(SolutionConfigurationPlatforms) = preSolution
		Debug|Any CPU = Debug|Any CPU
		Release|Any CPU = Release|Any CPU
	EndGlobalSection
	GlobalSection(ProjectConfigurationPlatforms) = postSolution
		{332DA87F-17B8-49DE-8800-CCB724FAD032}.Debug|Any CPU.ActiveCfg = Debug|Any CPU
		{332DA87F-17B8-49DE-8800-CCB724FAD032}.Debug|Any CPU.Build.0 = Debug|Any CPU
		{332DA87F-17B8-49DE-8800-CCB724FAD032}.Release|Any CPU.ActiveCfg = Release|Any CPU
		{332DA87F-17B8-49DE-8800-CCB724FAD032}.Release|Any CPU.Build.0 = Release|Any CPU
	EndGlobalSection
	GlobalSection(SolutionProperties) = preSolution
		HideSolutionNode = FALSE
	EndGlobalSection
	GlobalSection(ExtensibilityGlobals) = postSolution
		SolutionGuid = {30839471-4C62-42CC-809F-9FF41F4A88C0}
	EndGlobalSection
EndGlobal
